
Microsoft Visual Studio Solution File, Format Version 12.00
# Visual Studio 15
Project("{FAE04EC0-301F-11D3-BF4B-00C04F79EFBC}") = "fps.Gameplay", "fps.Gameplay.csproj", "{4E3B425A-CF76-1C8A-5514-2C4609F2DBAC}"
EndProject
Project("{FAE04EC0-301F-11D3-BF4B-00C04F79EFBC}") = "fps.UI", "fps.UI.csproj", "{1935FAF6-4B51-32D6-37B1-69209EC4D06F}"
EndProject
Project("{FAE04EC0-301F-11D3-BF4B-00C04F79EFBC}") = "Assembly-CSharp", "Assembly-CSharp.csproj", "{104BC87C-D5F1-9068-EF1F-86605F065DD0}"
EndProject
Project("{FAE04EC0-301F-11D3-BF4B-00C04F79EFBC}") = "fps.Game", "fps.Game.csproj", "{DF3EED0C-8B73-6A57-D76C-4D166BA55A3A}"
EndProject
Project("{FAE04EC0-301F-11D3-BF4B-00C04F79EFBC}") = "Unity.FPS.Tutorials", "Unity.FPS.Tutorials.csproj", "{87DA16D5-FACE-A72E-E9C2-D2531BC339DF}"
EndProject
Project("{FAE04EC0-301F-11D3-BF4B-00C04F79EFBC}") = "NavMeshComponents", "NavMeshComponents.csproj", "{B759CBEA-0C0E-6C54-E2BC-C63635AC3C10}"
EndProject
Project("{FAE04EC0-301F-11D3-BF4B-00C04F79EFBC}") = "fps.AI", "fps.AI.csproj", "{16C29C30-805F-84DE-74BC-21EA17D1BA38}"
EndProject
Project("{FAE04EC0-301F-11D3-BF4B-00C04F79EFBC}") = "NavMeshComponentsEditor", "NavMeshComponentsEditor.csproj", "{2ACB121B-0F51-4CED-83EB-669B0F428440}"
EndProject
Project("{FAE04EC0-301F-11D3-BF4B-00C04F79EFBC}") = "Unity.Microgame.Tutorials", "Unity.Microgame.Tutorials.csproj", "{2EBEB072-AD19-4A78-7C1A-89AA14935979}"
EndProject
Project("{FAE04EC0-301F-11D3-BF4B-00C04F79EFBC}") = "fps.Editor", "fps.Editor.csproj", "{8BD28ED2-1F9C-D50F-3CE6-59A226240C91}"
EndProject
Global
	GlobalSection(SolutionConfigurationPlatforms) = preSolution
		Debug|Any CPU = Debug|Any CPU
		Release|Any CPU = Release|Any CPU
	EndGlobalSection
	GlobalSection(ProjectConfigurationPlatforms) = postSolution
		{4E3B425A-CF76-1C8A-5514-2C4609F2DBAC}.Debug|Any CPU.ActiveCfg = Debug|Any CPU
		{4E3B425A-CF76-1C8A-5514-2C4609F2DBAC}.Debug|Any CPU.Build.0 = Debug|Any CPU
		{4E3B425A-CF76-1C8A-5514-2C4609F2DBAC}.Release|Any CPU.ActiveCfg = Release|Any CPU
		{4E3B425A-CF76-1C8A-5514-2C4609F2DBAC}.Release|Any CPU.Build.0 = Release|Any CPU
		{1935FAF6-4B51-32D6-37B1-69209EC4D06F}.Debug|Any CPU.ActiveCfg = Debug|Any CPU
		{1935FAF6-4B51-32D6-37B1-69209EC4D06F}.Debug|Any CPU.Build.0 = Debug|Any CPU
		{1935FAF6-4B51-32D6-37B1-69209EC4D06F}.Release|Any CPU.ActiveCfg = Release|Any CPU
		{1935FAF6-4B51-32D6-37B1-69209EC4D06F}.Release|Any CPU.Build.0 = Release|Any CPU
		{104BC87C-D5F1-9068-EF1F-86605F065DD0}.Debug|Any CPU.ActiveCfg = Debug|Any CPU
		{104BC87C-D5F1-9068-EF1F-86605F065DD0}.Debug|Any CPU.Build.0 = Debug|Any CPU
		{104BC87C-D5F1-9068-EF1F-86605F065DD0}.Release|Any CPU.ActiveCfg = Release|Any CPU
		{104BC87C-D5F1-9068-EF1F-86605F065DD0}.Release|Any CPU.Build.0 = Release|Any CPU
		{DF3EED0C-8B73-6A57-D76C-4D166BA55A3A}.Debug|Any CPU.ActiveCfg = Debug|Any CPU
		{DF3EED0C-8B73-6A57-D76C-4D166BA55A3A}.Debug|Any CPU.Build.0 = Debug|Any CPU
		{DF3EED0C-8B73-6A57-D76C-4D166BA55A3A}.Release|Any CPU.ActiveCfg = Release|Any CPU
		{DF3EED0C-8B73-6A57-D76C-4D166BA55A3A}.Release|Any CPU.Build.0 = Release|Any CPU
		{87DA16D5-FACE-A72E-E9C2-D2531BC339DF}.Debug|Any CPU.ActiveCfg = Debug|Any CPU
		{87DA16D5-FACE-A72E-E9C2-D2531BC339DF}.Debug|Any CPU.Build.0 = Debug|Any CPU
		{87DA16D5-FACE-A72E-E9C2-D2531BC339DF}.Release|Any CPU.ActiveCfg = Release|Any CPU
		{87DA16D5-FACE-A72E-E9C2-D2531BC339DF}.Release|Any CPU.Build.0 = Release|Any CPU
		{B759CBEA-0C0E-6C54-E2BC-C63635AC3C10}.Debug|Any CPU.ActiveCfg = Debug|Any CPU
		{B759CBEA-0C0E-6C54-E2BC-C63635AC3C10}.Debug|Any CPU.Build.0 = Debug|Any CPU
		{B759CBEA-0C0E-6C54-E2BC-C63635AC3C10}.Release|Any CPU.ActiveCfg = Release|Any CPU
		{B759CBEA-0C0E-6C54-E2BC-C63635AC3C10}.Release|Any CPU.Build.0 = Release|Any CPU
		{16C29C30-805F-84DE-74BC-21EA17D1BA38}.Debug|Any CPU.ActiveCfg = Debug|Any CPU
		{16C29C30-805F-84DE-74BC-21EA17D1BA38}.Debug|Any CPU.Build.0 = Debug|Any CPU
		{16C29C30-805F-84DE-74BC-21EA17D1BA38}.Release|Any CPU.ActiveCfg = Release|Any CPU
		{16C29C30-805F-84DE-74BC-21EA17D1BA38}.Release|Any CPU.Build.0 = Release|Any CPU
		{2ACB121B-0F51-4CED-83EB-669B0F428440}.Debug|Any CPU.ActiveCfg = Debug|Any CPU
		{2ACB121B-0F51-4CED-83EB-669B0F428440}.Debug|Any CPU.Build.0 = Debug|Any CPU
		{2ACB121B-0F51-4CED-83EB-669B0F428440}.Release|Any CPU.ActiveCfg = Release|Any CPU
		{2ACB121B-0F51-4CED-83EB-669B0F428440}.Release|Any CPU.Build.0 = Release|Any CPU
		{2EBEB072-AD19-4A78-7C1A-89AA14935979}.Debug|Any CPU.ActiveCfg = Debug|Any CPU
		{2EBEB072-AD19-4A78-7C1A-89AA14935979}.Debug|Any CPU.Build.0 = Debug|Any CPU
		{2EBEB072-AD19-4A78-7C1A-89AA14935979}.Release|Any CPU.ActiveCfg = Release|Any CPU
		{2EBEB072-AD19-4A78-7C1A-89AA14935979}.Release|Any CPU.Build.0 = Release|Any CPU
		{8BD28ED2-1F9C-D50F-3CE6-59A226240C91}.Debug|Any CPU.ActiveCfg = Debug|Any CPU
		{8BD28ED2-1F9C-D50F-3CE6-59A226240C91}.Debug|Any CPU.Build.0 = Debug|Any CPU
		{8BD28ED2-1F9C-D50F-3CE6-59A226240C91}.Release|Any CPU.ActiveCfg = Release|Any CPU
		{8BD28ED2-1F9C-D50F-3CE6-59A226240C91}.Release|Any CPU.Build.0 = Release|Any CPU
	EndGlobalSection
	GlobalSection(SolutionProperties) = preSolution
		HideSolutionNode = FALSE
	EndGlobalSection
EndGlobal
